
Microsoft Visual Studio Solution File, Format Version 12.00
# Visual Studio 15
VisualStudioVersion = 15.0.27703.2026
MinimumVisualStudioVersion = 10.0.40219.1
Project("{FAE04EC0-301F-11D3-BF4B-00C04F79EFBC}") = "WebApplication1", "WebApplication1\WebApplication1.csproj", "{C57BF19C-E059-4169-AAD0-BC983059420F}"
EndProject
Global
	GlobalSection(SolutionConfigurationPlatforms) = preSolution
		Debug|Any CPU = Debug|Any CPU
		Release|Any CPU = Release|Any CPU
	EndGlobalSection
	GlobalSection(ProjectConfigurationPlatforms) = postSolution
		{C57BF19C-E059-4169-AAD0-BC983059420F}.Debug|Any CPU.ActiveCfg = Debug|Any CPU
		{C57BF19C-E059-4169-AAD0-BC983059420F}.Debug|Any CPU.Build.0 = Debug|Any CPU
		{C57BF19C-E059-4169-AAD0-BC983059420F}.Release|Any CPU.ActiveCfg = Release|Any CPU
		{C57BF19C-E059-4169-AAD0-BC983059420F}.Release|Any CPU.Build.0 = Release|Any CPU
	EndGlobalSection
	GlobalSection(SolutionProperties) = preSolution
		HideSolutionNode = FALSE
	EndGlobalSection
	GlobalSection(ExtensibilityGlobals) = postSolution
		SolutionGuid = {D63F5379-CB38-4983-AAEC-1A8209EF8FA1}
	EndGlobalSection
EndGlobal
